// !$*UTF8*$!
{
	archiveVersion = 1;
	classes = {
	};
	objectVersion = 56;
	objects = {

/* Begin PBXBuildFile section */
		834B0BFE2AB56A53006C1FB1 /* Hebrew_UnRomanizerApp.swift in Sources */ = {isa = PBXBuildFile; fileRef = 834B0BFD2AB56A53006C1FB1 /* Hebrew_UnRomanizerApp.swift */; };
		834B0C002AB56A53006C1FB1 /* ContentView.swift in Sources */ = {isa = PBXBuildFile; fileRef = 834B0BFF2AB56A53006C1FB1 /* ContentView.swift */; };
		834B0C022AB56A54006C1FB1 /* Assets.xcassets in Resources */ = {isa = PBXBuildFile; fileRef = 834B0C012AB56A54006C1FB1 /* Assets.xcassets */; };
		834B0C052AB56A54006C1FB1 /* Preview Assets.xcassets in Resources */ = {isa = PBXBuildFile; fileRef = 834B0C042AB56A54006C1FB1 /* Preview Assets.xcassets */; };
		834B0C0E2AB56B48006C1FB1 /* RomanizedHebrew in Frameworks */ = {isa = PBXBuildFile; productRef = 834B0C0D2AB56B48006C1FB1 /* RomanizedHebrew */; };
/* End PBXBuildFile section */

/* Begin PBXFileReference section */
		834B0BFA2AB56A53006C1FB1 /* Hebrew UnRomanizer.app */ = {isa = PBXFileReference; explicitFileType = wrapper.application; includeInIndex = 0; path = "Hebrew UnRomanizer.app"; sourceTree = BUILT_PRODUCTS_DIR; };
		834B0BFD2AB56A53006C1FB1 /* Hebrew_UnRomanizerApp.swift */ = {isa = PBXFileReference; lastKnownFileType = sourcecode.swift; path = Hebrew_UnRomanizerApp.swift; sourceTree = "<group>"; };
		834B0BFF2AB56A53006C1FB1 /* ContentView.swift */ = {isa = PBXFileReference; lastKnownFileType = sourcecode.swift; path = ContentView.swift; sourceTree = "<group>"; };
		834B0C012AB56A54006C1FB1 /* Assets.xcassets */ = {isa = PBXFileReference; lastKnownFileType = folder.assetcatalog; path = Assets.xcassets; sourceTree = "<group>"; };
		834B0C042AB56A54006C1FB1 /* Preview Assets.xcassets */ = {isa = PBXFileReference; lastKnownFileType = folder.assetcatalog; path = "Preview Assets.xcassets"; sourceTree = "<group>"; };
		834B0C062AB56A54006C1FB1 /* Hebrew_UnRomanizer.entitlements */ = {isa = PBXFileReference; lastKnownFileType = text.plist.entitlements; path = Hebrew_UnRomanizer.entitlements; sourceTree = "<group>"; };
/* End PBXFileReference section */

/* Begin PBXFrameworksBuildPhase section */
		834B0BF72AB56A53006C1FB1 /* Frameworks */ = {
			isa = PBXFrameworksBuildPhase;
			buildActionMask = 2147483647;
			files = (
				834B0C0E2AB56B48006C1FB1 /* RomanizedHebrew in Frameworks */,
			);
			runOnlyForDeploymentPostprocessing = 0;
		};
/* End PBXFrameworksBuildPhase section */

/* Begin PBXGroup section */
		834B0BF12AB56A53006C1FB1 = {
			isa = PBXGroup;
			children = (
				834B0BFC2AB56A53006C1FB1 /* Hebrew UnRomanizer */,
				834B0BFB2AB56A53006C1FB1 /* Products */,
			);
			sourceTree = "<group>";
		};
		834B0BFB2AB56A53006C1FB1 /* Products */ = {
			isa = PBXGroup;
			children = (
				834B0BFA2AB56A53006C1FB1 /* Hebrew UnRomanizer.app */,
			);
			name = Products;
			sourceTree = "<group>";
		};
		834B0BFC2AB56A53006C1FB1 /* Hebrew UnRomanizer */ = {
			isa = PBXGroup;
			children = (
				834B0BFD2AB56A53006C1FB1 /* Hebrew_UnRomanizerApp.swift */,
				834B0BFF2AB56A53006C1FB1 /* ContentView.swift */,
				834B0C012AB56A54006C1FB1 /* Assets.xcassets */,
				834B0C062AB56A54006C1FB1 /* Hebrew_UnRomanizer.entitlements */,
				834B0C032AB56A54006C1FB1 /* Preview Content */,
			);
			path = "Hebrew UnRomanizer";
			sourceTree = "<group>";
		};
		834B0C032AB56A54006C1FB1 /* Preview Content */ = {
			isa = PBXGroup;
			children = (
				834B0C042AB56A54006C1FB1 /* Preview Assets.xcassets */,
			);
			path = "Preview Content";
			sourceTree = "<group>";
		};
/* End PBXGroup section */

/* Begin PBXNativeTarget section */
		834B0BF92AB56A53006C1FB1 /* Hebrew UnRomanizer */ = {
			isa = PBXNativeTarget;
			buildConfigurationList = 834B0C092AB56A54006C1FB1 /* Build configuration list for PBXNativeTarget "Hebrew UnRomanizer" */;
			buildPhases = (
				834B0BF62AB56A53006C1FB1 /* Sources */,
				834B0BF72AB56A53006C1FB1 /* Frameworks */,
				834B0BF82AB56A53006C1FB1 /* Resources */,
			);
			buildRules = (
			);
			dependencies = (
			);
			name = "Hebrew UnRomanizer";
			packageProductDependencies = (
				834B0C0D2AB56B48006C1FB1 /* RomanizedHebrew */,
			);
			productName = "Hebrew UnRomanizer";
			productReference = 834B0BFA2AB56A53006C1FB1 /* Hebrew UnRomanizer.app */;
			productType = "com.apple.product-type.application";
		};
/* End PBXNativeTarget section */

/* Begin PBXProject section */
		834B0BF22AB56A53006C1FB1 /* Project object */ = {
			isa = PBXProject;
			attributes = {
				BuildIndependentTargetsInParallel = 1;
				LastSwiftUpdateCheck = 1430;
				LastUpgradeCheck = 1430;
				TargetAttributes = {
					834B0BF92AB56A53006C1FB1 = {
						CreatedOnToolsVersion = 14.3.1;
					};
				};
			};
			buildConfigurationList = 834B0BF52AB56A53006C1FB1 /* Build configuration list for PBXProject "Hebrew UnRomanizer" */;
			compatibilityVersion = "Xcode 14.0";
			developmentRegion = en;
			hasScannedForEncodings = 0;
			knownRegions = (
				en,
				Base,
			);
			mainGroup = 834B0BF12AB56A53006C1FB1;
			packageReferences = (
				834B0C0C2AB56B48006C1FB1 /* XCRemoteSwiftPackageReference "RomanizedHebrew" */,
			);
			productRefGroup = 834B0BFB2AB56A53006C1FB1 /* Products */;
			projectDirPath = "";
			projectRoot = "";
			targets = (
				834B0BF92AB56A53006C1FB1 /* Hebrew UnRomanizer */,
			);
		};
/* End PBXProject section */

/* Begin PBXResourcesBuildPhase section */
		834B0BF82AB56A53006C1FB1 /* Resources */ = {
			isa = PBXResourcesBuildPhase;
			buildActionMask = 2147483647;
			files = (
				834B0C052AB56A54006C1FB1 /* Preview Assets.xcassets in Resources */,
				834B0C022AB56A54006C1FB1 /* Assets.xcassets in Resources */,
			);
			runOnlyForDeploymentPostprocessing = 0;
		};
/* End PBXResourcesBuildPhase section */

/* Begin PBXSourcesBuildPhase section */
		834B0BF62AB56A53006C1FB1 /* Sources */ = {
			isa = PBXSourcesBuildPhase;
			buildActionMask = 2147483647;
			files = (
				834B0C002AB56A53006C1FB1 /* ContentView.swift in Sources */,
				834B0BFE2AB56A53006C1FB1 /* Hebrew_UnRomanizerApp.swift in Sources */,
			);
			runOnlyForDeploymentPostprocessing = 0;
		};
/* End PBXSourcesBuildPhase section */

/* Begin XCBuildConfiguration section */
		834B0C072AB56A54006C1FB1 /* Debug */ = {
			isa = XCBuildConfiguration;
			buildSettings = {
				ALWAYS_SEARCH_USER_PATHS = NO;
				CLANG_ANALYZER_NONNULL = YES;
				CLANG_ANALYZER_NUMBER_OBJECT_CONVERSION = YES_AGGRESSIVE;
				CLANG_CXX_LANGUAGE_STANDARD = "gnu++20";
				CLANG_ENABLE_MODULES = YES;
				CLANG_ENABLE_OBJC_ARC = YES;
				CLANG_ENABLE_OBJC_WEAK = YES;
				CLANG_WARN_BLOCK_CAPTURE_AUTORELEASING = YES;
				CLANG_WARN_BOOL_CONVERSION = YES;
				CLANG_WARN_COMMA = YES;
				CLANG_WARN_CONSTANT_CONVERSION = YES;
				CLANG_WARN_DEPRECATED_OBJC_IMPLEMENTATIONS = YES;
				CLANG_WARN_DIRECT_OBJC_ISA_USAGE = YES_ERROR;
				CLANG_WARN_DOCUMENTATION_COMMENTS = YES;
				CLANG_WARN_EMPTY_BODY = YES;
				CLANG_WARN_ENUM_CONVERSION = YES;
				CLANG_WARN_INFINITE_RECURSION = YES;
				CLANG_WARN_INT_CONVERSION = YES;
				CLANG_WARN_NON_LITERAL_NULL_CONVERSION = YES;
				CLANG_WARN_OBJC_IMPLICIT_RETAIN_SELF = YES;
				CLANG_WARN_OBJC_LITERAL_CONVERSION = YES;
				CLANG_WARN_OBJC_ROOT_CLASS = YES_ERROR;
				CLANG_WARN_QUOTED_INCLUDE_IN_FRAMEWORK_HEADER = YES;
				CLANG_WARN_RANGE_LOOP_ANALYSIS = YES;
				CLANG_WARN_STRICT_PROTOTYPES = YES;
				CLANG_WARN_SUSPICIOUS_MOVE = YES;
				CLANG_WARN_UNGUARDED_AVAILABILITY = YES_AGGRESSIVE;
				CLANG_WARN_UNREACHABLE_CODE = YES;
				CLANG_WARN__DUPLICATE_METHOD_MATCH = YES;
				COPY_PHASE_STRIP = NO;
				DEBUG_INFORMATION_FORMAT = dwarf;
				ENABLE_STRICT_OBJC_MSGSEND = YES;
				ENABLE_TESTABILITY = YES;
				GCC_C_LANGUAGE_STANDARD = gnu11;
				GCC_DYNAMIC_NO_PIC = NO;
				GCC_NO_COMMON_BLOCKS = YES;
				GCC_OPTIMIZATION_LEVEL = 0;
				GCC_PREPROCESSOR_DEFINITIONS = (
					"DEBUG=1",
					"$(inherited)",
				);
				GCC_WARN_64_TO_32_BIT_CONVERSION = YES;
				GCC_WARN_ABOUT_RETURN_TYPE = YES_ERROR;
				GCC_WARN_UNDECLARED_SELECTOR = YES;
				GCC_WARN_UNINITIALIZED_AUTOS = YES_AGGRESSIVE;
				GCC_WARN_UNUSED_FUNCTION = YES;
				GCC_WARN_UNUSED_VARIABLE = YES;
				MACOSX_DEPLOYMENT_TARGET = 13.3;
				MTL_ENABLE_DEBUG_INFO = INCLUDE_SOURCE;
				MTL_FAST_MATH = YES;
				ONLY_ACTIVE_ARCH = YES;
				SDKROOT = macosx;
				SWIFT_ACTIVE_COMPILATION_CONDITIONS = DEBUG;
				SWIFT_OPTIMIZATION_LEVEL = "-Onone";
			};
			name = Debug;
		};
		834B0C082AB56A54006C1FB1 /* Release */ = {
			isa = XCBuildConfiguration;
			buildSettings = {
				ALWAYS_SEARCH_USER_PATHS = NO;
				CLANG_ANALYZER_NONNULL = YES;
				CLANG_ANALYZER_NUMBER_OBJECT_CONVERSION = YES_AGGRESSIVE;
				CLANG_CXX_LANGUAGE_STANDARD = "gnu++20";
				CLANG_ENABLE_MODULES = YES;
				CLANG_ENABLE_OBJC_ARC = YES;
				CLANG_ENABLE_OBJC_WEAK = YES;
				CLANG_WARN_BLOCK_CAPTURE_AUTORELEASING = YES;
				CLANG_WARN_BOOL_CONVERSION = YES;
				CLANG_WARN_COMMA = YES;
				CLANG_WARN_CONSTANT_CONVERSION = YES;
				CLANG_WARN_DEPRECATED_OBJC_IMPLEMENTATIONS = YES;
				CLANG_WARN_DIRECT_OBJC_ISA_USAGE = YES_ERROR;
				CLANG_WARN_DOCUMENTATION_COMMENTS = YES;
				CLANG_WARN_EMPTY_BODY = YES;
				CLANG_WARN_ENUM_CONVERSION = YES;
				CLANG_WARN_INFINITE_RECURSION = YES;
				CLANG_WARN_INT_CONVERSION = YES;
				CLANG_WARN_NON_LITERAL_NULL_CONVERSION = YES;
				CLANG_WARN_OBJC_IMPLICIT_RETAIN_SELF = YES;
				CLANG_WARN_OBJC_LITERAL_CONVERSION = YES;
				CLANG_WARN_OBJC_ROOT_CLASS = YES_ERROR;
				CLANG_WARN_QUOTED_INCLUDE_IN_FRAMEWORK_HEADER = YES;
				CLANG_WARN_RANGE_LOOP_ANALYSIS = YES;
				CLANG_WARN_STRICT_PROTOTYPES = YES;
				CLANG_WARN_SUSPICIOUS_MOVE = YES;
				CLANG_WARN_UNGUARDED_AVAILABILITY = YES_AGGRESSIVE;
				CLANG_WARN_UNREACHABLE_CODE = YES;
				CLANG_WARN__DUPLICATE_METHOD_MATCH = YES;
				COPY_PHASE_STRIP = NO;
				DEBUG_INFORMATION_FORMAT = "dwarf-with-dsym";
				ENABLE_NS_ASSERTIONS = NO;
				ENABLE_STRICT_OBJC_MSGSEND = YES;
				GCC_C_LANGUAGE_STANDARD = gnu11;
				GCC_NO_COMMON_BLOCKS = YES;
				GCC_WARN_64_TO_32_BIT_CONVERSION = YES;
				GCC_WARN_ABOUT_RETURN_TYPE = YES_ERROR;
				GCC_WARN_UNDECLARED_SELECTOR = YES;
				GCC_WARN_UNINITIALIZED_AUTOS = YES_AGGRESSIVE;
				GCC_WARN_UNUSED_FUNCTION = YES;
				GCC_WARN_UNUSED_VARIABLE = YES;
				MACOSX_DEPLOYMENT_TARGET = 13.3;
				MTL_ENABLE_DEBUG_INFO = NO;
				MTL_FAST_MATH = YES;
				SDKROOT = macosx;
				SWIFT_COMPILATION_MODE = wholemodule;
				SWIFT_OPTIMIZATION_LEVEL = "-O";
			};
			name = Release;
		};
		834B0C0A2AB56A54006C1FB1 /* Debug */ = {
			isa = XCBuildConfiguration;
			buildSettings = {
				ASSETCATALOG_COMPILER_APPICON_NAME = AppIcon;
				ASSETCATALOG_COMPILER_GLOBAL_ACCENT_COLOR_NAME = AccentColor;
				ASSETCATALOG_COMPILER_INCLUDE_ALL_APPICON_ASSETS = YES;
				CODE_SIGN_ENTITLEMENTS = "Hebrew UnRomanizer/Hebrew_UnRomanizer.entitlements";
				CODE_SIGN_STYLE = Automatic;
				COMBINE_HIDPI_IMAGES = YES;
				CURRENT_PROJECT_VERSION = 2;
				DEVELOPMENT_ASSET_PATHS = "\"Hebrew UnRomanizer/Preview Content\"";
				ENABLE_PREVIEWS = YES;
				GENERATE_INFOPLIST_FILE = YES;
				INFOPLIST_KEY_LSApplicationCategoryType = "public.app-category.utilities";
				INFOPLIST_KEY_NSHumanReadableCopyright = "";
				LD_RUNPATH_SEARCH_PATHS = (
					"$(inherited)",
					"@executable_path/../Frameworks",
				);
				MARKETING_VERSION = 1.0;
				PRODUCT_BUNDLE_IDENTIFIER = "org.rwtodd.Hebrew-UnRomanizer";
				PRODUCT_NAME = "$(TARGET_NAME)";
				SWIFT_EMIT_LOC_STRINGS = YES;
				SWIFT_VERSION = 5.0;
			};
			name = Debug;
		};
		834B0C0B2AB56A54006C1FB1 /* Release */ = {
			isa = XCBuildConfiguration;
			buildSettings = {
				ASSETCATALOG_COMPILER_APPICON_NAME = AppIcon;
				ASSETCATALOG_COMPILER_GLOBAL_ACCENT_COLOR_NAME = AccentColor;
				ASSETCATALOG_COMPILER_INCLUDE_ALL_APPICON_ASSETS = YES;
				CODE_SIGN_ENTITLEMENTS = "Hebrew UnRomanizer/Hebrew_UnRomanizer.entitlements";
				CODE_SIGN_STYLE = Automatic;
				COMBINE_HIDPI_IMAGES = YES;
				CURRENT_PROJECT_VERSION = 2;
				DEVELOPMENT_ASSET_PATHS = "\"Hebrew UnRomanizer/Preview Content\"";
				ENABLE_PREVIEWS = YES;
				GENERATE_INFOPLIST_FILE = YES;
				INFOPLIST_KEY_LSApplicationCategoryType = "public.app-category.utilities";
				INFOPLIST_KEY_NSHumanReadableCopyright = "";
				LD_RUNPATH_SEARCH_PATHS = (
					"$(inherited)",
					"@executable_path/../Frameworks",
				);
				MARKETING_VERSION = 1.0;
				PRODUCT_BUNDLE_IDENTIFIER = "org.rwtodd.Hebrew-UnRomanizer";
				PRODUCT_NAME = "$(TARGET_NAME)";
				SWIFT_EMIT_LOC_STRINGS = YES;
				SWIFT_VERSION = 5.0;
			};
			name = Release;
		};
/* End XCBuildConfiguration section */

/* Begin XCConfigurationList section */
		834B0BF52AB56A53006C1FB1 /* Build configuration list for PBXProject "Hebrew UnRomanizer" */ = {
			isa = XCConfigurationList;
			buildConfigurations = (
				834B0C072AB56A54006C1FB1 /* Debug */,
				834B0C082AB56A54006C1FB1 /* Release */,
			);
			defaultConfigurationIsVisible = 0;
			defaultConfigurationName = Release;
		};
		834B0C092AB56A54006C1FB1 /* Build configuration list for PBXNativeTarget "Hebrew UnRomanizer" */ = {
			isa = XCConfigurationList;
			buildConfigurations = (
				834B0C0A2AB56A54006C1FB1 /* Debug */,
				834B0C0B2AB56A54006C1FB1 /* Release */,
			);
			defaultConfigurationIsVisible = 0;
			defaultConfigurationName = Release;
		};
/* End XCConfigurationList section */

/* Begin XCRemoteSwiftPackageReference section */
		834B0C0C2AB56B48006C1FB1 /* XCRemoteSwiftPackageReference "RomanizedHebrew" */ = {
			isa = XCRemoteSwiftPackageReference;
			repositoryURL = "https://github.com/rwtodd/RomanizedHebrew.git";
			requirement = {
				kind = upToNextMajorVersion;
				minimumVersion = 1.0.0;
			};
		};
/* End XCRemoteSwiftPackageReference section */

/* Begin XCSwiftPackageProductDependency section */
		834B0C0D2AB56B48006C1FB1 /* RomanizedHebrew */ = {
			isa = XCSwiftPackageProductDependency;
			package = 834B0C0C2AB56B48006C1FB1 /* XCRemoteSwiftPackageReference "RomanizedHebrew" */;
			productName = RomanizedHebrew;
		};
/* End XCSwiftPackageProductDependency section */
	};
	rootObject = 834B0BF22AB56A53006C1FB1 /* Project object */;
}
